
Microsoft Visual Studio Solution File, Format Version 12.00
# Visual Studio 15
VisualStudioVersion = 15.0.28307.1267
MinimumVisualStudioVersion = 10.0.40219.1
Project("{FAE04EC0-301F-11D3-BF4B-00C04F79EFBC}") = "ServiceProxy", "ServiceProxy\ServiceProxy.csproj", "{ECCF1A14-D2F5-4C90-9BC9-BBBF209A8365}"
EndProject
Project("{9A19103F-16F7-4668-BE54-9A1E7A4F7556}") = "WebBooksOrder", "WebBooksOrder\WebBooksOrder.csproj", "{8182F4E6-C8C3-4DA8-8B50-BC9DF2F731A3}"
EndProject
Global
	GlobalSection(SolutionConfigurationPlatforms) = preSolution
		Debug|Any CPU = Debug|Any CPU
		Release|Any CPU = Release|Any CPU
	EndGlobalSection
	GlobalSection(ProjectConfigurationPlatforms) = postSolution
		{ECCF1A14-D2F5-4C90-9BC9-BBBF209A8365}.Debug|Any CPU.ActiveCfg = Debug|Any CPU
		{ECCF1A14-D2F5-4C90-9BC9-BBBF209A8365}.Debug|Any CPU.Build.0 = Debug|Any CPU
		{ECCF1A14-D2F5-4C90-9BC9-BBBF209A8365}.Release|Any CPU.ActiveCfg = Release|Any CPU
		{ECCF1A14-D2F5-4C90-9BC9-BBBF209A8365}.Release|Any CPU.Build.0 = Release|Any CPU
		{8182F4E6-C8C3-4DA8-8B50-BC9DF2F731A3}.Debug|Any CPU.ActiveCfg = Debug|Any CPU
		{8182F4E6-C8C3-4DA8-8B50-BC9DF2F731A3}.Debug|Any CPU.Build.0 = Debug|Any CPU
		{8182F4E6-C8C3-4DA8-8B50-BC9DF2F731A3}.Release|Any CPU.ActiveCfg = Release|Any CPU
		{8182F4E6-C8C3-4DA8-8B50-BC9DF2F731A3}.Release|Any CPU.Build.0 = Release|Any CPU
	EndGlobalSection
	GlobalSection(SolutionProperties) = preSolution
		HideSolutionNode = FALSE
	EndGlobalSection
	GlobalSection(ExtensibilityGlobals) = postSolution
		SolutionGuid = {FBC33032-C8B1-4608-9723-78675CBC6750}
	EndGlobalSection
EndGlobal
