
Microsoft Visual Studio Solution File, Format Version 12.00
# Visual Studio 15
VisualStudioVersion = 15.0.28307.1267
MinimumVisualStudioVersion = 10.0.40219.1
Project("{FAE04EC0-301F-11D3-BF4B-00C04F79EFBC}") = "BookShopCore", "ConsoleApplication2\BookShopCore.csproj", "{670B6218-CD1C-4E85-8CB6-A0E4F279C2CE}"
EndProject
Project("{FAE04EC0-301F-11D3-BF4B-00C04F79EFBC}") = "ServiceProxy", "ServiceProxy\ServiceProxy.csproj", "{ECCF1A14-D2F5-4C90-9BC9-BBBF209A8365}"
	ProjectSection(ProjectDependencies) = postProject
		{670B6218-CD1C-4E85-8CB6-A0E4F279C2CE} = {670B6218-CD1C-4E85-8CB6-A0E4F279C2CE}
	EndProjectSection
EndProject
Project("{FAE04EC0-301F-11D3-BF4B-00C04F79EFBC}") = "BookShopEntityFramework", "BookShopEntityFramework\BookShopEntityFramework.csproj", "{F8E8DDEA-4194-4D31-A402-CE6CAD0B2B1D}"
	ProjectSection(ProjectDependencies) = postProject
		{670B6218-CD1C-4E85-8CB6-A0E4F279C2CE} = {670B6218-CD1C-4E85-8CB6-A0E4F279C2CE}
	EndProjectSection
EndProject
Project("{9A19103F-16F7-4668-BE54-9A1E7A4F7556}") = "WebAppBookShop", "WebAppBookShop\WebAppBookShop.csproj", "{F520CB0D-1E6E-4177-BD7E-81AA07F2FC96}"
EndProject
Project("{9A19103F-16F7-4668-BE54-9A1E7A4F7556}") = "WebBooksOrder", "WebBooksOrder\WebBooksOrder.csproj", "{8EF72793-4C76-4EC7-B71C-25C8A5B7B367}"
EndProject
Project("{FAE04EC0-301F-11D3-BF4B-00C04F79EFBC}") = "Tests", "Tests\Tests.csproj", "{6FDC4C9A-BFB1-493A-A90C-4F0FD81C9AF2}"
EndProject
Global
	GlobalSection(SolutionConfigurationPlatforms) = preSolution
		Debug|Any CPU = Debug|Any CPU
		Debug|x64 = Debug|x64
		Debug|x86 = Debug|x86
		Release|Any CPU = Release|Any CPU
		Release|x64 = Release|x64
		Release|x86 = Release|x86
	EndGlobalSection
	GlobalSection(ProjectConfigurationPlatforms) = postSolution
		{670B6218-CD1C-4E85-8CB6-A0E4F279C2CE}.Debug|Any CPU.ActiveCfg = Debug|Any CPU
		{670B6218-CD1C-4E85-8CB6-A0E4F279C2CE}.Debug|Any CPU.Build.0 = Debug|Any CPU
		{670B6218-CD1C-4E85-8CB6-A0E4F279C2CE}.Debug|x64.ActiveCfg = Debug|Any CPU
		{670B6218-CD1C-4E85-8CB6-A0E4F279C2CE}.Debug|x64.Build.0 = Debug|Any CPU
		{670B6218-CD1C-4E85-8CB6-A0E4F279C2CE}.Debug|x86.ActiveCfg = Debug|Any CPU
		{670B6218-CD1C-4E85-8CB6-A0E4F279C2CE}.Debug|x86.Build.0 = Debug|Any CPU
		{670B6218-CD1C-4E85-8CB6-A0E4F279C2CE}.Release|Any CPU.ActiveCfg = Release|Any CPU
		{670B6218-CD1C-4E85-8CB6-A0E4F279C2CE}.Release|Any CPU.Build.0 = Release|Any CPU
		{670B6218-CD1C-4E85-8CB6-A0E4F279C2CE}.Release|x64.ActiveCfg = Release|Any CPU
		{670B6218-CD1C-4E85-8CB6-A0E4F279C2CE}.Release|x64.Build.0 = Release|Any CPU
		{670B6218-CD1C-4E85-8CB6-A0E4F279C2CE}.Release|x86.ActiveCfg = Release|Any CPU
		{670B6218-CD1C-4E85-8CB6-A0E4F279C2CE}.Release|x86.Build.0 = Release|Any CPU
		{ECCF1A14-D2F5-4C90-9BC9-BBBF209A8365}.Debug|Any CPU.ActiveCfg = Debug|Any CPU
		{ECCF1A14-D2F5-4C90-9BC9-BBBF209A8365}.Debug|Any CPU.Build.0 = Debug|Any CPU
		{ECCF1A14-D2F5-4C90-9BC9-BBBF209A8365}.Debug|x64.ActiveCfg = Debug|Any CPU
		{ECCF1A14-D2F5-4C90-9BC9-BBBF209A8365}.Debug|x64.Build.0 = Debug|Any CPU
		{ECCF1A14-D2F5-4C90-9BC9-BBBF209A8365}.Debug|x86.ActiveCfg = Debug|Any CPU
		{ECCF1A14-D2F5-4C90-9BC9-BBBF209A8365}.Debug|x86.Build.0 = Debug|Any CPU
		{ECCF1A14-D2F5-4C90-9BC9-BBBF209A8365}.Release|Any CPU.ActiveCfg = Release|Any CPU
		{ECCF1A14-D2F5-4C90-9BC9-BBBF209A8365}.Release|Any CPU.Build.0 = Release|Any CPU
		{ECCF1A14-D2F5-4C90-9BC9-BBBF209A8365}.Release|x64.ActiveCfg = Release|Any CPU
		{ECCF1A14-D2F5-4C90-9BC9-BBBF209A8365}.Release|x64.Build.0 = Release|Any CPU
		{ECCF1A14-D2F5-4C90-9BC9-BBBF209A8365}.Release|x86.ActiveCfg = Release|Any CPU
		{ECCF1A14-D2F5-4C90-9BC9-BBBF209A8365}.Release|x86.Build.0 = Release|Any CPU
		{F8E8DDEA-4194-4D31-A402-CE6CAD0B2B1D}.Debug|Any CPU.ActiveCfg = Debug|Any CPU
		{F8E8DDEA-4194-4D31-A402-CE6CAD0B2B1D}.Debug|Any CPU.Build.0 = Debug|Any CPU
		{F8E8DDEA-4194-4D31-A402-CE6CAD0B2B1D}.Debug|x64.ActiveCfg = Debug|Any CPU
		{F8E8DDEA-4194-4D31-A402-CE6CAD0B2B1D}.Debug|x64.Build.0 = Debug|Any CPU
		{F8E8DDEA-4194-4D31-A402-CE6CAD0B2B1D}.Debug|x86.ActiveCfg = Debug|Any CPU
		{F8E8DDEA-4194-4D31-A402-CE6CAD0B2B1D}.Debug|x86.Build.0 = Debug|Any CPU
		{F8E8DDEA-4194-4D31-A402-CE6CAD0B2B1D}.Release|Any CPU.ActiveCfg = Release|Any CPU
		{F8E8DDEA-4194-4D31-A402-CE6CAD0B2B1D}.Release|Any CPU.Build.0 = Release|Any CPU
		{F8E8DDEA-4194-4D31-A402-CE6CAD0B2B1D}.Release|x64.ActiveCfg = Release|Any CPU
		{F8E8DDEA-4194-4D31-A402-CE6CAD0B2B1D}.Release|x64.Build.0 = Release|Any CPU
		{F8E8DDEA-4194-4D31-A402-CE6CAD0B2B1D}.Release|x86.ActiveCfg = Release|Any CPU
		{F8E8DDEA-4194-4D31-A402-CE6CAD0B2B1D}.Release|x86.Build.0 = Release|Any CPU
		{F520CB0D-1E6E-4177-BD7E-81AA07F2FC96}.Debug|Any CPU.ActiveCfg = Debug|Any CPU
		{F520CB0D-1E6E-4177-BD7E-81AA07F2FC96}.Debug|Any CPU.Build.0 = Debug|Any CPU
		{F520CB0D-1E6E-4177-BD7E-81AA07F2FC96}.Debug|x64.ActiveCfg = Debug|Any CPU
		{F520CB0D-1E6E-4177-BD7E-81AA07F2FC96}.Debug|x64.Build.0 = Debug|Any CPU
		{F520CB0D-1E6E-4177-BD7E-81AA07F2FC96}.Debug|x86.ActiveCfg = Debug|Any CPU
		{F520CB0D-1E6E-4177-BD7E-81AA07F2FC96}.Debug|x86.Build.0 = Debug|Any CPU
		{F520CB0D-1E6E-4177-BD7E-81AA07F2FC96}.Release|Any CPU.ActiveCfg = Release|Any CPU
		{F520CB0D-1E6E-4177-BD7E-81AA07F2FC96}.Release|Any CPU.Build.0 = Release|Any CPU
		{F520CB0D-1E6E-4177-BD7E-81AA07F2FC96}.Release|x64.ActiveCfg = Release|Any CPU
		{F520CB0D-1E6E-4177-BD7E-81AA07F2FC96}.Release|x64.Build.0 = Release|Any CPU
		{F520CB0D-1E6E-4177-BD7E-81AA07F2FC96}.Release|x86.ActiveCfg = Release|Any CPU
		{F520CB0D-1E6E-4177-BD7E-81AA07F2FC96}.Release|x86.Build.0 = Release|Any CPU
		{8EF72793-4C76-4EC7-B71C-25C8A5B7B367}.Debug|Any CPU.ActiveCfg = Debug|Any CPU
		{8EF72793-4C76-4EC7-B71C-25C8A5B7B367}.Debug|Any CPU.Build.0 = Debug|Any CPU
		{8EF72793-4C76-4EC7-B71C-25C8A5B7B367}.Debug|x64.ActiveCfg = Debug|Any CPU
		{8EF72793-4C76-4EC7-B71C-25C8A5B7B367}.Debug|x64.Build.0 = Debug|Any CPU
		{8EF72793-4C76-4EC7-B71C-25C8A5B7B367}.Debug|x86.ActiveCfg = Debug|Any CPU
		{8EF72793-4C76-4EC7-B71C-25C8A5B7B367}.Debug|x86.Build.0 = Debug|Any CPU
		{8EF72793-4C76-4EC7-B71C-25C8A5B7B367}.Release|Any CPU.ActiveCfg = Release|Any CPU
		{8EF72793-4C76-4EC7-B71C-25C8A5B7B367}.Release|Any CPU.Build.0 = Release|Any CPU
		{8EF72793-4C76-4EC7-B71C-25C8A5B7B367}.Release|x64.ActiveCfg = Release|Any CPU
		{8EF72793-4C76-4EC7-B71C-25C8A5B7B367}.Release|x64.Build.0 = Release|Any CPU
		{8EF72793-4C76-4EC7-B71C-25C8A5B7B367}.Release|x86.ActiveCfg = Release|Any CPU
		{8EF72793-4C76-4EC7-B71C-25C8A5B7B367}.Release|x86.Build.0 = Release|Any CPU
		{6FDC4C9A-BFB1-493A-A90C-4F0FD81C9AF2}.Debug|Any CPU.ActiveCfg = Debug|Any CPU
		{6FDC4C9A-BFB1-493A-A90C-4F0FD81C9AF2}.Debug|Any CPU.Build.0 = Debug|Any CPU
		{6FDC4C9A-BFB1-493A-A90C-4F0FD81C9AF2}.Debug|x64.ActiveCfg = Debug|x64
		{6FDC4C9A-BFB1-493A-A90C-4F0FD81C9AF2}.Debug|x64.Build.0 = Debug|x64
		{6FDC4C9A-BFB1-493A-A90C-4F0FD81C9AF2}.Debug|x86.ActiveCfg = Debug|x86
		{6FDC4C9A-BFB1-493A-A90C-4F0FD81C9AF2}.Debug|x86.Build.0 = Debug|x86
		{6FDC4C9A-BFB1-493A-A90C-4F0FD81C9AF2}.Release|Any CPU.ActiveCfg = Release|Any CPU
		{6FDC4C9A-BFB1-493A-A90C-4F0FD81C9AF2}.Release|Any CPU.Build.0 = Release|Any CPU
		{6FDC4C9A-BFB1-493A-A90C-4F0FD81C9AF2}.Release|x64.ActiveCfg = Release|x64
		{6FDC4C9A-BFB1-493A-A90C-4F0FD81C9AF2}.Release|x64.Build.0 = Release|x64
		{6FDC4C9A-BFB1-493A-A90C-4F0FD81C9AF2}.Release|x86.ActiveCfg = Release|x86
		{6FDC4C9A-BFB1-493A-A90C-4F0FD81C9AF2}.Release|x86.Build.0 = Release|x86
	EndGlobalSection
	GlobalSection(SolutionProperties) = preSolution
		HideSolutionNode = FALSE
	EndGlobalSection
	GlobalSection(ExtensibilityGlobals) = postSolution
		SolutionGuid = {A15F6CD7-9578-4524-82E5-006BBB2C62A7}
	EndGlobalSection
EndGlobal
